
Microsoft Visual Studio Solution File, Format Version 12.00
# Visual Studio Version 17
VisualStudioVersion = 17.7.34009.444
MinimumVisualStudioVersion = 10.0.40219.1
Project("{9A19103F-16F7-4668-BE54-9A1E7A4F7556}") = "Forwading", "Forwarding\Forwading.csproj", "{C96ACF54-89DD-4867-82CC-CC442B6C2F19}"
EndProject
Project("{9A19103F-16F7-4668-BE54-9A1E7A4F7556}") = "Async", "Async\Async.csproj", "{15615C7E-D282-4168-A608-1AF7330136D4}"
EndProject
Project("{9A19103F-16F7-4668-BE54-9A1E7A4F7556}") = "LambdaVsLocalFunction", "LambdaVsLocalFunction\LambdaVsLocalFunction.csproj", "{9FBA4A17-5C38-4A32-AF79-78C8F620F7FD}"
EndProject
Project("{9A19103F-16F7-4668-BE54-9A1E7A4F7556}") = "Virtual", "Virtual\Virtual.csproj", "{71011882-18E8-4D2F-9E83-E605635FF2B2}"
EndProject
Project("{9A19103F-16F7-4668-BE54-9A1E7A4F7556}") = "Iteration", "Iteration\Iteration.csproj", "{B4818F9F-977F-4B16-A621-725868CCFE4A}"
EndProject
Project("{2150E333-8FDC-42A3-9474-1A3956D46DE8}") = "Solution Items", "Solution Items", "{1D0FBCD1-DAAD-4C20-946B-BE51C7682274}"
	ProjectSection(SolutionItems) = preProject
		.editorconfig = .editorconfig
		.gitattributes = .gitattributes
		.gitignore = .gitignore
		README.md = README.md
	EndProjectSection
EndProject
Project("{9A19103F-16F7-4668-BE54-9A1E7A4F7556}") = "PropertiesVsFields", "PropertiesVsFields\PropertiesVsFields.csproj", "{33496B14-67A5-4FCE-B93F-EF5EA82FCDE9}"
EndProject
Project("{9A19103F-16F7-4668-BE54-9A1E7A4F7556}") = "EnumerableToList", "EnumerableToList\EnumerableToList.csproj", "{D9B3B986-C898-42FE-968F-CE4E3EA6080C}"
EndProject
Project("{9A19103F-16F7-4668-BE54-9A1E7A4F7556}") = "StructVsClassArrays", "StructVsClassArrays\StructVsClassArrays.csproj", "{5F78600C-3A30-41E1-B74B-7DB95555411C}"
EndProject
Project("{9A19103F-16F7-4668-BE54-9A1E7A4F7556}") = "AbstractVsStructUnions", "AbstractVsStructUnions\AbstractVsStructUnions.csproj", "{F58828BA-086A-4B47-B438-E636ED314811}"
EndProject
Project("{9A19103F-16F7-4668-BE54-9A1E7A4F7556}") = "ListOpsVsLinq", "ListOpsVsLinq\ListOpsVsLinq.csproj", "{B6975841-7D70-421D-934F-2077092EEA35}"
EndProject
Project("{9A19103F-16F7-4668-BE54-9A1E7A4F7556}") = "RecordWith", "RecordWith\RecordWith.csproj", "{ED210611-E31C-4DF4-BDB4-23A6AA455CFB}"
EndProject
Project("{9A19103F-16F7-4668-BE54-9A1E7A4F7556}") = "SerializationComparison", "SerializationComparison\SerializationComparison.csproj", "{80FBFECF-23CD-467A-9133-A9C23F2B6ADA}"
EndProject
Project("{9A19103F-16F7-4668-BE54-9A1E7A4F7556}") = "NextStringNameFunc", "NextStringNameFunc\NextStringNameFunc.csproj", "{572180AB-8030-42A1-B1ED-9A830D5125D3}"
EndProject
Project("{FAE04EC0-301F-11D3-BF4B-00C04F79EFBC}") = "CopyIteration", "CopyIteration\CopyIteration.csproj", "{86569284-3C0E-452E-925F-99B71118FCDF}"
EndProject
Project("{FAE04EC0-301F-11D3-BF4B-00C04F79EFBC}") = "MatrixMulJaggedVsMulti", "MatrixMulJaggedVsMulti\MatrixMulJaggedVsMulti.csproj", "{F1BE22D7-94E6-4C6A-8935-6D4E03B756C9}"
EndProject
Project("{FAE04EC0-301F-11D3-BF4B-00C04F79EFBC}") = "ListArrayInit", "ListArrayInit\ListArrayInit.csproj", "{B4F73445-0958-4491-A530-85D1CED74913}"
EndProject
Global
	GlobalSection(SolutionConfigurationPlatforms) = preSolution
		Debug|Any CPU = Debug|Any CPU
		Release|Any CPU = Release|Any CPU
	EndGlobalSection
	GlobalSection(ProjectConfigurationPlatforms) = postSolution
		{C96ACF54-89DD-4867-82CC-CC442B6C2F19}.Debug|Any CPU.ActiveCfg = Debug|Any CPU
		{C96ACF54-89DD-4867-82CC-CC442B6C2F19}.Debug|Any CPU.Build.0 = Debug|Any CPU
		{C96ACF54-89DD-4867-82CC-CC442B6C2F19}.Release|Any CPU.ActiveCfg = Release|Any CPU
		{C96ACF54-89DD-4867-82CC-CC442B6C2F19}.Release|Any CPU.Build.0 = Release|Any CPU
		{15615C7E-D282-4168-A608-1AF7330136D4}.Debug|Any CPU.ActiveCfg = Debug|Any CPU
		{15615C7E-D282-4168-A608-1AF7330136D4}.Debug|Any CPU.Build.0 = Debug|Any CPU
		{15615C7E-D282-4168-A608-1AF7330136D4}.Release|Any CPU.ActiveCfg = Release|Any CPU
		{15615C7E-D282-4168-A608-1AF7330136D4}.Release|Any CPU.Build.0 = Release|Any CPU
		{9FBA4A17-5C38-4A32-AF79-78C8F620F7FD}.Debug|Any CPU.ActiveCfg = Debug|Any CPU
		{9FBA4A17-5C38-4A32-AF79-78C8F620F7FD}.Debug|Any CPU.Build.0 = Debug|Any CPU
		{9FBA4A17-5C38-4A32-AF79-78C8F620F7FD}.Release|Any CPU.ActiveCfg = Release|Any CPU
		{9FBA4A17-5C38-4A32-AF79-78C8F620F7FD}.Release|Any CPU.Build.0 = Release|Any CPU
		{71011882-18E8-4D2F-9E83-E605635FF2B2}.Debug|Any CPU.ActiveCfg = Debug|Any CPU
		{71011882-18E8-4D2F-9E83-E605635FF2B2}.Debug|Any CPU.Build.0 = Debug|Any CPU
		{71011882-18E8-4D2F-9E83-E605635FF2B2}.Release|Any CPU.ActiveCfg = Release|Any CPU
		{71011882-18E8-4D2F-9E83-E605635FF2B2}.Release|Any CPU.Build.0 = Release|Any CPU
		{B4818F9F-977F-4B16-A621-725868CCFE4A}.Debug|Any CPU.ActiveCfg = Debug|Any CPU
		{B4818F9F-977F-4B16-A621-725868CCFE4A}.Debug|Any CPU.Build.0 = Debug|Any CPU
		{B4818F9F-977F-4B16-A621-725868CCFE4A}.Release|Any CPU.ActiveCfg = Release|Any CPU
		{B4818F9F-977F-4B16-A621-725868CCFE4A}.Release|Any CPU.Build.0 = Release|Any CPU
		{33496B14-67A5-4FCE-B93F-EF5EA82FCDE9}.Debug|Any CPU.ActiveCfg = Debug|Any CPU
		{33496B14-67A5-4FCE-B93F-EF5EA82FCDE9}.Debug|Any CPU.Build.0 = Debug|Any CPU
		{33496B14-67A5-4FCE-B93F-EF5EA82FCDE9}.Release|Any CPU.ActiveCfg = Release|Any CPU
		{33496B14-67A5-4FCE-B93F-EF5EA82FCDE9}.Release|Any CPU.Build.0 = Release|Any CPU
		{D9B3B986-C898-42FE-968F-CE4E3EA6080C}.Debug|Any CPU.ActiveCfg = Debug|Any CPU
		{D9B3B986-C898-42FE-968F-CE4E3EA6080C}.Debug|Any CPU.Build.0 = Debug|Any CPU
		{D9B3B986-C898-42FE-968F-CE4E3EA6080C}.Release|Any CPU.ActiveCfg = Release|Any CPU
		{D9B3B986-C898-42FE-968F-CE4E3EA6080C}.Release|Any CPU.Build.0 = Release|Any CPU
		{5F78600C-3A30-41E1-B74B-7DB95555411C}.Debug|Any CPU.ActiveCfg = Debug|Any CPU
		{5F78600C-3A30-41E1-B74B-7DB95555411C}.Debug|Any CPU.Build.0 = Debug|Any CPU
		{5F78600C-3A30-41E1-B74B-7DB95555411C}.Release|Any CPU.ActiveCfg = Release|Any CPU
		{5F78600C-3A30-41E1-B74B-7DB95555411C}.Release|Any CPU.Build.0 = Release|Any CPU
		{F58828BA-086A-4B47-B438-E636ED314811}.Debug|Any CPU.ActiveCfg = Debug|Any CPU
		{F58828BA-086A-4B47-B438-E636ED314811}.Debug|Any CPU.Build.0 = Debug|Any CPU
		{F58828BA-086A-4B47-B438-E636ED314811}.Release|Any CPU.ActiveCfg = Release|Any CPU
		{F58828BA-086A-4B47-B438-E636ED314811}.Release|Any CPU.Build.0 = Release|Any CPU
		{B6975841-7D70-421D-934F-2077092EEA35}.Debug|Any CPU.ActiveCfg = Debug|Any CPU
		{B6975841-7D70-421D-934F-2077092EEA35}.Debug|Any CPU.Build.0 = Debug|Any CPU
		{B6975841-7D70-421D-934F-2077092EEA35}.Release|Any CPU.ActiveCfg = Release|Any CPU
		{B6975841-7D70-421D-934F-2077092EEA35}.Release|Any CPU.Build.0 = Release|Any CPU
		{ED210611-E31C-4DF4-BDB4-23A6AA455CFB}.Debug|Any CPU.ActiveCfg = Debug|Any CPU
		{ED210611-E31C-4DF4-BDB4-23A6AA455CFB}.Debug|Any CPU.Build.0 = Debug|Any CPU
		{ED210611-E31C-4DF4-BDB4-23A6AA455CFB}.Release|Any CPU.ActiveCfg = Release|Any CPU
		{ED210611-E31C-4DF4-BDB4-23A6AA455CFB}.Release|Any CPU.Build.0 = Release|Any CPU
		{80FBFECF-23CD-467A-9133-A9C23F2B6ADA}.Debug|Any CPU.ActiveCfg = Debug|Any CPU
		{80FBFECF-23CD-467A-9133-A9C23F2B6ADA}.Debug|Any CPU.Build.0 = Debug|Any CPU
		{80FBFECF-23CD-467A-9133-A9C23F2B6ADA}.Release|Any CPU.ActiveCfg = Release|Any CPU
		{80FBFECF-23CD-467A-9133-A9C23F2B6ADA}.Release|Any CPU.Build.0 = Release|Any CPU
		{572180AB-8030-42A1-B1ED-9A830D5125D3}.Debug|Any CPU.ActiveCfg = Debug|Any CPU
		{572180AB-8030-42A1-B1ED-9A830D5125D3}.Debug|Any CPU.Build.0 = Debug|Any CPU
		{572180AB-8030-42A1-B1ED-9A830D5125D3}.Release|Any CPU.ActiveCfg = Release|Any CPU
		{572180AB-8030-42A1-B1ED-9A830D5125D3}.Release|Any CPU.Build.0 = Release|Any CPU
		{86569284-3C0E-452E-925F-99B71118FCDF}.Debug|Any CPU.ActiveCfg = Debug|Any CPU
		{86569284-3C0E-452E-925F-99B71118FCDF}.Debug|Any CPU.Build.0 = Debug|Any CPU
		{86569284-3C0E-452E-925F-99B71118FCDF}.Release|Any CPU.ActiveCfg = Release|Any CPU
		{86569284-3C0E-452E-925F-99B71118FCDF}.Release|Any CPU.Build.0 = Release|Any CPU
		{F1BE22D7-94E6-4C6A-8935-6D4E03B756C9}.Debug|Any CPU.ActiveCfg = Debug|Any CPU
		{F1BE22D7-94E6-4C6A-8935-6D4E03B756C9}.Debug|Any CPU.Build.0 = Debug|Any CPU
		{F1BE22D7-94E6-4C6A-8935-6D4E03B756C9}.Release|Any CPU.ActiveCfg = Release|Any CPU
		{F1BE22D7-94E6-4C6A-8935-6D4E03B756C9}.Release|Any CPU.Build.0 = Release|Any CPU
		{B4F73445-0958-4491-A530-85D1CED74913}.Debug|Any CPU.ActiveCfg = Debug|Any CPU
		{B4F73445-0958-4491-A530-85D1CED74913}.Debug|Any CPU.Build.0 = Debug|Any CPU
		{B4F73445-0958-4491-A530-85D1CED74913}.Release|Any CPU.ActiveCfg = Release|Any CPU
		{B4F73445-0958-4491-A530-85D1CED74913}.Release|Any CPU.Build.0 = Release|Any CPU
	EndGlobalSection
	GlobalSection(SolutionProperties) = preSolution
		HideSolutionNode = FALSE
	EndGlobalSection
	GlobalSection(ExtensibilityGlobals) = postSolution
		SolutionGuid = {7F0BECCC-E486-433A-B419-2EB29A2970A5}
	EndGlobalSection
EndGlobal
