<Solution>
  <Folder Name="/Solution Items/">
    <File Path=".editorconfig" />
    <File Path=".gitattributes" />
    <File Path=".gitignore" />
    <File Path="README.md" />
  </Folder>
  <Project Path="AbstractVsStructUnions/AbstractVsStructUnions.csproj" />
  <Project Path="Async/Async.csproj" />
  <Project Path="CopyIteration/CopyIteration.csproj" />
  <Project Path="DynamicDispatch/DynamicDispatch.csproj" Id="8a6ecd39-d9e9-4c44-802b-011f3894e2e9" />
  <Project Path="EnumerableToList/EnumerableToList.csproj" />
  <Project Path="Forwarding/Forwading.csproj" />
  <Project Path="Iteration/Iteration.csproj" />
  <Project Path="LambdaVsLocalFunction/LambdaVsLocalFunction.csproj" />
  <Project Path="LinqChaining/LinqChaining.csproj" Id="765c4b7a-fa6e-42a2-9d56-725504fc919e" />
  <Project Path="ListArrayInit/ListArrayInit.csproj" />
  <Project Path="ListForeach/ListForeach.csproj" />
  <Project Path="ListOpsVsLinq/ListOpsVsLinq.csproj" />
  <Project Path="MatrixMulJaggedVsMulti/MatrixMulJaggedVsMulti.csproj" />
  <Project Path="NextStringNameFunc/NextStringNameFunc.csproj" />
  <Project Path="PassingDelegatesVsObjects/PassingDelegatesVsObjects.csproj" Id="f6bff63d-4634-4a7e-8671-37de5ead7ace" />
  <Project Path="PolymorphicJsonSerialization/PolymorphicJsonSerialization.csproj" />
  <Project Path="PropertiesVsFields/PropertiesVsFields.csproj" />
  <Project Path="RecordWith/RecordWith.csproj" />
  <Project Path="SerializationComparison/SerializationComparison.csproj" />
  <Project Path="StructVsClassArrays/StructVsClassArrays.csproj" />
  <Project Path="Virtual/Virtual.csproj" />
  <Project Path="ZlinqVsLinq/ZlinqVsLinq.csproj" />
</Solution>
