
Microsoft Visual Studio Solution File, Format Version 12.00
# Visual Studio Version 17
VisualStudioVersion = 17.7.34009.444
MinimumVisualStudioVersion = 10.0.40219.1
Project("{9A19103F-16F7-4668-BE54-9A1E7A4F7556}") = "Forwading", "Forwarding\Forwading.csproj", "{C96ACF54-89DD-4867-82CC-CC442B6C2F19}"
EndProject
Project("{9A19103F-16F7-4668-BE54-9A1E7A4F7556}") = "Async", "Async\Async.csproj", "{15615C7E-D282-4168-A608-1AF7330136D4}"
EndProject
Project("{9A19103F-16F7-4668-BE54-9A1E7A4F7556}") = "Memory", "Memory\Memory.csproj", "{1269B47E-6223-4476-A1D5-1EBB50F13E2F}"
EndProject
Project("{9A19103F-16F7-4668-BE54-9A1E7A4F7556}") = "LambdaVsLocalFunction", "LambdaVsLocalFunction\LambdaVsLocalFunction.csproj", "{9FBA4A17-5C38-4A32-AF79-78C8F620F7FD}"
EndProject
Project("{9A19103F-16F7-4668-BE54-9A1E7A4F7556}") = "Virtual", "Virtual\Virtual.csproj", "{71011882-18E8-4D2F-9E83-E605635FF2B2}"
EndProject
Project("{9A19103F-16F7-4668-BE54-9A1E7A4F7556}") = "Iteration", "Iteration\Iteration.csproj", "{B4818F9F-977F-4B16-A621-725868CCFE4A}"
EndProject
Project("{2150E333-8FDC-42A3-9474-1A3956D46DE8}") = "Solution Items", "Solution Items", "{1D0FBCD1-DAAD-4C20-946B-BE51C7682274}"
	ProjectSection(SolutionItems) = preProject
		.editorconfig = .editorconfig
		.gitattributes = .gitattributes
		.gitignore = .gitignore
		README.md = README.md
	EndProjectSection
EndProject
Project("{9A19103F-16F7-4668-BE54-9A1E7A4F7556}") = "PropertiesVsFields", "PropertiesVsFields\PropertiesVsFields.csproj", "{33496B14-67A5-4FCE-B93F-EF5EA82FCDE9}"
EndProject
Project("{FAE04EC0-301F-11D3-BF4B-00C04F79EFBC}") = "EnumerableToList", "EnumerableToList\EnumerableToList.csproj", "{D9B3B986-C898-42FE-968F-CE4E3EA6080C}"
EndProject
Global
	GlobalSection(SolutionConfigurationPlatforms) = preSolution
		Debug|Any CPU = Debug|Any CPU
		Release|Any CPU = Release|Any CPU
	EndGlobalSection
	GlobalSection(ProjectConfigurationPlatforms) = postSolution
		{C96ACF54-89DD-4867-82CC-CC442B6C2F19}.Debug|Any CPU.ActiveCfg = Debug|Any CPU
		{C96ACF54-89DD-4867-82CC-CC442B6C2F19}.Debug|Any CPU.Build.0 = Debug|Any CPU
		{C96ACF54-89DD-4867-82CC-CC442B6C2F19}.Release|Any CPU.ActiveCfg = Release|Any CPU
		{C96ACF54-89DD-4867-82CC-CC442B6C2F19}.Release|Any CPU.Build.0 = Release|Any CPU
		{15615C7E-D282-4168-A608-1AF7330136D4}.Debug|Any CPU.ActiveCfg = Debug|Any CPU
		{15615C7E-D282-4168-A608-1AF7330136D4}.Debug|Any CPU.Build.0 = Debug|Any CPU
		{15615C7E-D282-4168-A608-1AF7330136D4}.Release|Any CPU.ActiveCfg = Release|Any CPU
		{15615C7E-D282-4168-A608-1AF7330136D4}.Release|Any CPU.Build.0 = Release|Any CPU
		{1269B47E-6223-4476-A1D5-1EBB50F13E2F}.Debug|Any CPU.ActiveCfg = Debug|Any CPU
		{1269B47E-6223-4476-A1D5-1EBB50F13E2F}.Debug|Any CPU.Build.0 = Debug|Any CPU
		{1269B47E-6223-4476-A1D5-1EBB50F13E2F}.Release|Any CPU.ActiveCfg = Release|Any CPU
		{1269B47E-6223-4476-A1D5-1EBB50F13E2F}.Release|Any CPU.Build.0 = Release|Any CPU
		{9FBA4A17-5C38-4A32-AF79-78C8F620F7FD}.Debug|Any CPU.ActiveCfg = Debug|Any CPU
		{9FBA4A17-5C38-4A32-AF79-78C8F620F7FD}.Debug|Any CPU.Build.0 = Debug|Any CPU
		{9FBA4A17-5C38-4A32-AF79-78C8F620F7FD}.Release|Any CPU.ActiveCfg = Release|Any CPU
		{9FBA4A17-5C38-4A32-AF79-78C8F620F7FD}.Release|Any CPU.Build.0 = Release|Any CPU
		{71011882-18E8-4D2F-9E83-E605635FF2B2}.Debug|Any CPU.ActiveCfg = Debug|Any CPU
		{71011882-18E8-4D2F-9E83-E605635FF2B2}.Debug|Any CPU.Build.0 = Debug|Any CPU
		{71011882-18E8-4D2F-9E83-E605635FF2B2}.Release|Any CPU.ActiveCfg = Release|Any CPU
		{71011882-18E8-4D2F-9E83-E605635FF2B2}.Release|Any CPU.Build.0 = Release|Any CPU
		{B4818F9F-977F-4B16-A621-725868CCFE4A}.Debug|Any CPU.ActiveCfg = Debug|Any CPU
		{B4818F9F-977F-4B16-A621-725868CCFE4A}.Debug|Any CPU.Build.0 = Debug|Any CPU
		{B4818F9F-977F-4B16-A621-725868CCFE4A}.Release|Any CPU.ActiveCfg = Release|Any CPU
		{B4818F9F-977F-4B16-A621-725868CCFE4A}.Release|Any CPU.Build.0 = Release|Any CPU
		{33496B14-67A5-4FCE-B93F-EF5EA82FCDE9}.Debug|Any CPU.ActiveCfg = Debug|Any CPU
		{33496B14-67A5-4FCE-B93F-EF5EA82FCDE9}.Debug|Any CPU.Build.0 = Debug|Any CPU
		{33496B14-67A5-4FCE-B93F-EF5EA82FCDE9}.Release|Any CPU.ActiveCfg = Release|Any CPU
		{33496B14-67A5-4FCE-B93F-EF5EA82FCDE9}.Release|Any CPU.Build.0 = Release|Any CPU
		{D9B3B986-C898-42FE-968F-CE4E3EA6080C}.Debug|Any CPU.ActiveCfg = Debug|Any CPU
		{D9B3B986-C898-42FE-968F-CE4E3EA6080C}.Debug|Any CPU.Build.0 = Debug|Any CPU
		{D9B3B986-C898-42FE-968F-CE4E3EA6080C}.Release|Any CPU.ActiveCfg = Release|Any CPU
		{D9B3B986-C898-42FE-968F-CE4E3EA6080C}.Release|Any CPU.Build.0 = Release|Any CPU
	EndGlobalSection
	GlobalSection(SolutionProperties) = preSolution
		HideSolutionNode = FALSE
	EndGlobalSection
	GlobalSection(ExtensibilityGlobals) = postSolution
		SolutionGuid = {7F0BECCC-E486-433A-B419-2EB29A2970A5}
	EndGlobalSection
EndGlobal
